{
  "name": "fiap-application-security-final-project",
  "lockfileVersion": 3,
  "requires": true,
  "packages": {
    "": {
      "dependencies": {
        "express-oauth2-jwt-bearer": "^1.4.1"
      }
    },
    "node_modules/express-oauth2-jwt-bearer": {
      "version": "1.4.1",
      "resolved": "https://registry.npmjs.org/express-oauth2-jwt-bearer/-/express-oauth2-jwt-bearer-1.4.1.tgz",
      "integrity": "sha512-EtAJbTotIXpN2xcUJLPOoO/WC2HRCjZCOeD0XI6Kyzeelb4/dh43HSJ37C2Z17HarEiAd0xO9Mz8/9OaTM5oHw==",
      "dependencies": {
        "jose": "^4.13.1"
      },
      "engines": {
        "node": "^12.19.0 || ^14.15.0 || ^16.13.0 || ^18.12.0"
      }
    },
    "node_modules/jose": {
      "version": "4.14.4",
      "resolved": "https://registry.npmjs.org/jose/-/jose-4.14.4.tgz",
      "integrity": "sha512-j8GhLiKmUAh+dsFXlX1aJCbt5KMibuKb+d7j1JaOJG6s2UjX1PQlW+OKB/sD4a/5ZYF4RcmYmLSndOoU3Lt/3g==",
      "funding": {
        "url": "https://github.com/sponsors/panva"
      }
    }
  }
}
